
Microsoft Visual Studio Solution File, Format Version 12.00
Project("{FAE04EC0-301F-11D3-BF4B-00C04F79EFBC}") = "MyShop.BlazorClient", "MyShop.BlazorClient\MyShop.BlazorClient.csproj", "{3482667C-9DCE-40A0-AAB8-81DB1FDF1671}"
EndProject
Project("{FAE04EC0-301F-11D3-BF4B-00C04F79EFBC}") = "MyShop.WebApi", "MyShop.WebApi\MyShop.WebApi.csproj", "{545ED99E-5953-4BA1-8E3C-7D581B08C000}"
EndProject
Project("{FAE04EC0-301F-11D3-BF4B-00C04F79EFBC}") = "MyShop.HttpApiClient", "MyShop.HttpApiClient\MyShop.HttpApiClient.csproj", "{68B30A44-B470-48C4-9FC4-C0A2EFC4ADE2}"
EndProject
Project("{FAE04EC0-301F-11D3-BF4B-00C04F79EFBC}") = "MyShop.Models", "MyShop.Models\MyShop.Models.csproj", "{8E53FC35-9A49-4DA9-AB2B-B8443ED47808}"
EndProject
Project("{FAE04EC0-301F-11D3-BF4B-00C04F79EFBC}") = "MyShop.Domain", "MyShop.Domain\MyShop.Domain.csproj", "{A3CD386C-4572-4DFD-B706-98C86A25BEF7}"
EndProject
Project("{2150E333-8FDC-42A3-9474-1A3956D46DE8}") = "infrastructure", "infrastructure", "{0F9D1880-BFFB-4992-95D1-17604D62541C}"
EndProject
Project("{FAE04EC0-301F-11D3-BF4B-00C04F79EFBC}") = "MyShop.Data.Ef", "MyShop.Data.Ef\MyShop.Data.Ef.csproj", "{C69FDE91-25F8-4A25-AB27-1F14B4AF8F55}"
EndProject
Project("{2150E333-8FDC-42A3-9474-1A3956D46DE8}") = "frontend", "frontend", "{3776B155-269B-4FBB-9179-4327CB7921DC}"
EndProject
Project("{2150E333-8FDC-42A3-9474-1A3956D46DE8}") = "bacckend", "bacckend", "{40FEE633-6D06-43F4-8CCC-74BCFC288DC0}"
EndProject
Project("{2150E333-8FDC-42A3-9474-1A3956D46DE8}") = "shared", "shared", "{AA3CB041-F971-4EE2-95F0-DD0D7F8D0619}"
EndProject
Global
	GlobalSection(SolutionConfigurationPlatforms) = preSolution
		Debug|Any CPU = Debug|Any CPU
		Release|Any CPU = Release|Any CPU
	EndGlobalSection
	GlobalSection(ProjectConfigurationPlatforms) = postSolution
		{3482667C-9DCE-40A0-AAB8-81DB1FDF1671}.Debug|Any CPU.ActiveCfg = Debug|Any CPU
		{3482667C-9DCE-40A0-AAB8-81DB1FDF1671}.Debug|Any CPU.Build.0 = Debug|Any CPU
		{3482667C-9DCE-40A0-AAB8-81DB1FDF1671}.Release|Any CPU.ActiveCfg = Release|Any CPU
		{3482667C-9DCE-40A0-AAB8-81DB1FDF1671}.Release|Any CPU.Build.0 = Release|Any CPU
		{545ED99E-5953-4BA1-8E3C-7D581B08C000}.Debug|Any CPU.ActiveCfg = Debug|Any CPU
		{545ED99E-5953-4BA1-8E3C-7D581B08C000}.Debug|Any CPU.Build.0 = Debug|Any CPU
		{545ED99E-5953-4BA1-8E3C-7D581B08C000}.Release|Any CPU.ActiveCfg = Release|Any CPU
		{545ED99E-5953-4BA1-8E3C-7D581B08C000}.Release|Any CPU.Build.0 = Release|Any CPU
		{68B30A44-B470-48C4-9FC4-C0A2EFC4ADE2}.Debug|Any CPU.ActiveCfg = Debug|Any CPU
		{68B30A44-B470-48C4-9FC4-C0A2EFC4ADE2}.Debug|Any CPU.Build.0 = Debug|Any CPU
		{68B30A44-B470-48C4-9FC4-C0A2EFC4ADE2}.Release|Any CPU.ActiveCfg = Release|Any CPU
		{68B30A44-B470-48C4-9FC4-C0A2EFC4ADE2}.Release|Any CPU.Build.0 = Release|Any CPU
		{8E53FC35-9A49-4DA9-AB2B-B8443ED47808}.Debug|Any CPU.ActiveCfg = Debug|Any CPU
		{8E53FC35-9A49-4DA9-AB2B-B8443ED47808}.Debug|Any CPU.Build.0 = Debug|Any CPU
		{8E53FC35-9A49-4DA9-AB2B-B8443ED47808}.Release|Any CPU.ActiveCfg = Release|Any CPU
		{8E53FC35-9A49-4DA9-AB2B-B8443ED47808}.Release|Any CPU.Build.0 = Release|Any CPU
		{A3CD386C-4572-4DFD-B706-98C86A25BEF7}.Debug|Any CPU.ActiveCfg = Debug|Any CPU
		{A3CD386C-4572-4DFD-B706-98C86A25BEF7}.Debug|Any CPU.Build.0 = Debug|Any CPU
		{A3CD386C-4572-4DFD-B706-98C86A25BEF7}.Release|Any CPU.ActiveCfg = Release|Any CPU
		{A3CD386C-4572-4DFD-B706-98C86A25BEF7}.Release|Any CPU.Build.0 = Release|Any CPU
		{C69FDE91-25F8-4A25-AB27-1F14B4AF8F55}.Debug|Any CPU.ActiveCfg = Debug|Any CPU
		{C69FDE91-25F8-4A25-AB27-1F14B4AF8F55}.Debug|Any CPU.Build.0 = Debug|Any CPU
		{C69FDE91-25F8-4A25-AB27-1F14B4AF8F55}.Release|Any CPU.ActiveCfg = Release|Any CPU
		{C69FDE91-25F8-4A25-AB27-1F14B4AF8F55}.Release|Any CPU.Build.0 = Release|Any CPU
	EndGlobalSection
	GlobalSection(NestedProjects) = preSolution
		{C69FDE91-25F8-4A25-AB27-1F14B4AF8F55} = {0F9D1880-BFFB-4992-95D1-17604D62541C}
		{3482667C-9DCE-40A0-AAB8-81DB1FDF1671} = {3776B155-269B-4FBB-9179-4327CB7921DC}
		{68B30A44-B470-48C4-9FC4-C0A2EFC4ADE2} = {3776B155-269B-4FBB-9179-4327CB7921DC}
		{A3CD386C-4572-4DFD-B706-98C86A25BEF7} = {40FEE633-6D06-43F4-8CCC-74BCFC288DC0}
		{545ED99E-5953-4BA1-8E3C-7D581B08C000} = {40FEE633-6D06-43F4-8CCC-74BCFC288DC0}
		{8E53FC35-9A49-4DA9-AB2B-B8443ED47808} = {AA3CB041-F971-4EE2-95F0-DD0D7F8D0619}
		{0F9D1880-BFFB-4992-95D1-17604D62541C} = {40FEE633-6D06-43F4-8CCC-74BCFC288DC0}
	EndGlobalSection
EndGlobal
